
Microsoft Visual Studio Solution File, Format Version 12.00
# Visual Studio Version 17
VisualStudioVersion = 17.0.32112.339
MinimumVisualStudioVersion = 10.0.40219.1
Project("{FAE04EC0-301F-11D3-BF4B-00C04F79EFBC}") = "GrpcServer", "GrpcServer\GrpcServer.csproj", "{0D39E94B-43E7-441D-8369-BAED1E706769}"
EndProject
Project("{FAE04EC0-301F-11D3-BF4B-00C04F79EFBC}") = "GrpcClient", "GrpcClient\GrpcClient.csproj", "{37C68C5C-9D3C-4765-B5F9-83AEBFD5EBD7}"
EndProject
Global
	GlobalSection(SolutionConfigurationPlatforms) = preSolution
		Debug|Any CPU = Debug|Any CPU
		Release|Any CPU = Release|Any CPU
	EndGlobalSection
	GlobalSection(ProjectConfigurationPlatforms) = postSolution
		{0D39E94B-43E7-441D-8369-BAED1E706769}.Debug|Any CPU.ActiveCfg = Debug|Any CPU
		{0D39E94B-43E7-441D-8369-BAED1E706769}.Debug|Any CPU.Build.0 = Debug|Any CPU
		{0D39E94B-43E7-441D-8369-BAED1E706769}.Release|Any CPU.ActiveCfg = Release|Any CPU
		{0D39E94B-43E7-441D-8369-BAED1E706769}.Release|Any CPU.Build.0 = Release|Any CPU
		{37C68C5C-9D3C-4765-B5F9-83AEBFD5EBD7}.Debug|Any CPU.ActiveCfg = Debug|Any CPU
		{37C68C5C-9D3C-4765-B5F9-83AEBFD5EBD7}.Debug|Any CPU.Build.0 = Debug|Any CPU
		{37C68C5C-9D3C-4765-B5F9-83AEBFD5EBD7}.Release|Any CPU.ActiveCfg = Release|Any CPU
		{37C68C5C-9D3C-4765-B5F9-83AEBFD5EBD7}.Release|Any CPU.Build.0 = Release|Any CPU
	EndGlobalSection
	GlobalSection(SolutionProperties) = preSolution
		HideSolutionNode = FALSE
	EndGlobalSection
	GlobalSection(ExtensibilityGlobals) = postSolution
		SolutionGuid = {90E201A5-D4E4-4189-9C36-853917154C6D}
	EndGlobalSection
EndGlobal
